
Microsoft Visual Studio Solution File, Format Version 12.00
# Visual Studio Version 17
VisualStudioVersion = 17.7.34003.232
MinimumVisualStudioVersion = 10.0.40219.1
Project("{FAE04EC0-301F-11D3-BF4B-00C04F79EFBC}") = "NZWalks.API", "NZWalks.API\NZWalks.API.csproj", "{2F3C96B3-B7B0-42B9-830E-42823CEBA66A}"
EndProject
Global
	GlobalSection(SolutionConfigurationPlatforms) = preSolution
		Debug|Any CPU = Debug|Any CPU
		Release|Any CPU = Release|Any CPU
	EndGlobalSection
	GlobalSection(ProjectConfigurationPlatforms) = postSolution
		{2F3C96B3-B7B0-42B9-830E-42823CEBA66A}.Debug|Any CPU.ActiveCfg = Debug|Any CPU
		{2F3C96B3-B7B0-42B9-830E-42823CEBA66A}.Debug|Any CPU.Build.0 = Debug|Any CPU
		{2F3C96B3-B7B0-42B9-830E-42823CEBA66A}.Release|Any CPU.ActiveCfg = Release|Any CPU
		{2F3C96B3-B7B0-42B9-830E-42823CEBA66A}.Release|Any CPU.Build.0 = Release|Any CPU
	EndGlobalSection
	GlobalSection(SolutionProperties) = preSolution
		HideSolutionNode = FALSE
	EndGlobalSection
	GlobalSection(ExtensibilityGlobals) = postSolution
		SolutionGuid = {57B484A1-B498-4361-A59D-FCE9E0358239}
	EndGlobalSection
EndGlobal
